// !$*UTF8*$!
{
	archiveVersion = 1;
	classes = {
	};
	objectVersion = 56;
	objects = {

/* Begin PBXBuildFile section */
		A100000001 /* MollotovApp.swift in Sources */ = {isa = PBXBuildFile; fileRef = B100000001; };
		A100000002 /* BrowserView.swift in Sources */ = {isa = PBXBuildFile; fileRef = B100000002; };
		A100000003 /* SettingsView.swift in Sources */ = {isa = PBXBuildFile; fileRef = B100000003; };
		A100000004 /* URLBarView.swift in Sources */ = {isa = PBXBuildFile; fileRef = B100000004; };
		A100000005 /* WebViewCoordinator.swift in Sources */ = {isa = PBXBuildFile; fileRef = B100000005; };
		A100000006 /* BrowserState.swift in Sources */ = {isa = PBXBuildFile; fileRef = B100000006; };
		A100000007 /* HTTPServer.swift in Sources */ = {isa = PBXBuildFile; fileRef = B100000007; };
		A100000008 /* Router.swift in Sources */ = {isa = PBXBuildFile; fileRef = B100000008; };
		A100000009 /* MDNSAdvertiser.swift in Sources */ = {isa = PBXBuildFile; fileRef = B100000009; };
		A100000010 /* ServerState.swift in Sources */ = {isa = PBXBuildFile; fileRef = B100000010; };
		A100000011 /* DeviceIdentity.swift in Sources */ = {isa = PBXBuildFile; fileRef = B100000011; };
		A100000012 /* DeviceInfo.swift in Sources */ = {isa = PBXBuildFile; fileRef = B100000012; };
		A100000013 /* AppRevealSetup.swift in Sources */ = {isa = PBXBuildFile; fileRef = B100000013; };
		A100000014 /* Assets.xcassets in Resources */ = {isa = PBXBuildFile; fileRef = B100000014; };
		A100000020 /* HandlerContext.swift in Sources */ = {isa = PBXBuildFile; fileRef = B100000020; };
		A100000021 /* NavigationHandler.swift in Sources */ = {isa = PBXBuildFile; fileRef = B100000021; };
		A100000022 /* ScreenshotHandler.swift in Sources */ = {isa = PBXBuildFile; fileRef = B100000022; };
		A100000023 /* DOMHandler.swift in Sources */ = {isa = PBXBuildFile; fileRef = B100000023; };
		A100000024 /* InteractionHandler.swift in Sources */ = {isa = PBXBuildFile; fileRef = B100000024; };
		A100000025 /* ScrollHandler.swift in Sources */ = {isa = PBXBuildFile; fileRef = B100000025; };
		A100000026 /* DeviceHandler.swift in Sources */ = {isa = PBXBuildFile; fileRef = B100000026; };
		A100000027 /* EvaluateHandler.swift in Sources */ = {isa = PBXBuildFile; fileRef = B100000027; };
		A100000028 /* ConsoleHandler.swift in Sources */ = {isa = PBXBuildFile; fileRef = B100000028; };
		A100000029 /* NetworkHandler.swift in Sources */ = {isa = PBXBuildFile; fileRef = B100000029; };
		A100000030 /* MutationHandler.swift in Sources */ = {isa = PBXBuildFile; fileRef = B100000030; };
		A100000031 /* ShadowDOMHandler.swift in Sources */ = {isa = PBXBuildFile; fileRef = B100000031; };
		A100000032 /* BrowserManagementHandler.swift in Sources */ = {isa = PBXBuildFile; fileRef = B100000032; };
		A100000033 /* LLMHandler.swift in Sources */ = {isa = PBXBuildFile; fileRef = B100000033; };
/* End PBXBuildFile section */

/* Begin PBXFileReference section */
		B100000001 /* MollotovApp.swift */ = {isa = PBXFileReference; lastKnownFileType = sourcecode.swift; path = MollotovApp.swift; sourceTree = "<group>"; };
		B100000002 /* BrowserView.swift */ = {isa = PBXFileReference; lastKnownFileType = sourcecode.swift; path = BrowserView.swift; sourceTree = "<group>"; };
		B100000003 /* SettingsView.swift */ = {isa = PBXFileReference; lastKnownFileType = sourcecode.swift; path = SettingsView.swift; sourceTree = "<group>"; };
		B100000004 /* URLBarView.swift */ = {isa = PBXFileReference; lastKnownFileType = sourcecode.swift; path = URLBarView.swift; sourceTree = "<group>"; };
		B100000005 /* WebViewCoordinator.swift */ = {isa = PBXFileReference; lastKnownFileType = sourcecode.swift; path = WebViewCoordinator.swift; sourceTree = "<group>"; };
		B100000006 /* BrowserState.swift */ = {isa = PBXFileReference; lastKnownFileType = sourcecode.swift; path = BrowserState.swift; sourceTree = "<group>"; };
		B100000007 /* HTTPServer.swift */ = {isa = PBXFileReference; lastKnownFileType = sourcecode.swift; path = HTTPServer.swift; sourceTree = "<group>"; };
		B100000008 /* Router.swift */ = {isa = PBXFileReference; lastKnownFileType = sourcecode.swift; path = Router.swift; sourceTree = "<group>"; };
		B100000009 /* MDNSAdvertiser.swift */ = {isa = PBXFileReference; lastKnownFileType = sourcecode.swift; path = MDNSAdvertiser.swift; sourceTree = "<group>"; };
		B100000010 /* ServerState.swift */ = {isa = PBXFileReference; lastKnownFileType = sourcecode.swift; path = ServerState.swift; sourceTree = "<group>"; };
		B100000011 /* DeviceIdentity.swift */ = {isa = PBXFileReference; lastKnownFileType = sourcecode.swift; path = DeviceIdentity.swift; sourceTree = "<group>"; };
		B100000012 /* DeviceInfo.swift */ = {isa = PBXFileReference; lastKnownFileType = sourcecode.swift; path = DeviceInfo.swift; sourceTree = "<group>"; };
		B100000013 /* AppRevealSetup.swift */ = {isa = PBXFileReference; lastKnownFileType = sourcecode.swift; path = AppRevealSetup.swift; sourceTree = "<group>"; };
		B100000014 /* Assets.xcassets */ = {isa = PBXFileReference; lastKnownFileType = folder.assetcatalog; path = Assets.xcassets; sourceTree = "<group>"; };
		B100000015 /* Info.plist */ = {isa = PBXFileReference; lastKnownFileType = text.plist.xml; path = Info.plist; sourceTree = "<group>"; };
		B100000020 /* HandlerContext.swift */ = {isa = PBXFileReference; lastKnownFileType = sourcecode.swift; path = HandlerContext.swift; sourceTree = "<group>"; };
		B100000021 /* NavigationHandler.swift */ = {isa = PBXFileReference; lastKnownFileType = sourcecode.swift; path = NavigationHandler.swift; sourceTree = "<group>"; };
		B100000022 /* ScreenshotHandler.swift */ = {isa = PBXFileReference; lastKnownFileType = sourcecode.swift; path = ScreenshotHandler.swift; sourceTree = "<group>"; };
		B100000023 /* DOMHandler.swift */ = {isa = PBXFileReference; lastKnownFileType = sourcecode.swift; path = DOMHandler.swift; sourceTree = "<group>"; };
		B100000024 /* InteractionHandler.swift */ = {isa = PBXFileReference; lastKnownFileType = sourcecode.swift; path = InteractionHandler.swift; sourceTree = "<group>"; };
		B100000025 /* ScrollHandler.swift */ = {isa = PBXFileReference; lastKnownFileType = sourcecode.swift; path = ScrollHandler.swift; sourceTree = "<group>"; };
		B100000026 /* DeviceHandler.swift */ = {isa = PBXFileReference; lastKnownFileType = sourcecode.swift; path = DeviceHandler.swift; sourceTree = "<group>"; };
		B100000027 /* EvaluateHandler.swift */ = {isa = PBXFileReference; lastKnownFileType = sourcecode.swift; path = EvaluateHandler.swift; sourceTree = "<group>"; };
		B100000028 /* ConsoleHandler.swift */ = {isa = PBXFileReference; lastKnownFileType = sourcecode.swift; path = ConsoleHandler.swift; sourceTree = "<group>"; };
		B100000029 /* NetworkHandler.swift */ = {isa = PBXFileReference; lastKnownFileType = sourcecode.swift; path = NetworkHandler.swift; sourceTree = "<group>"; };
		B100000030 /* MutationHandler.swift */ = {isa = PBXFileReference; lastKnownFileType = sourcecode.swift; path = MutationHandler.swift; sourceTree = "<group>"; };
		B100000031 /* ShadowDOMHandler.swift */ = {isa = PBXFileReference; lastKnownFileType = sourcecode.swift; path = ShadowDOMHandler.swift; sourceTree = "<group>"; };
		B100000032 /* BrowserManagementHandler.swift */ = {isa = PBXFileReference; lastKnownFileType = sourcecode.swift; path = BrowserManagementHandler.swift; sourceTree = "<group>"; };
		B100000033 /* LLMHandler.swift */ = {isa = PBXFileReference; lastKnownFileType = sourcecode.swift; path = LLMHandler.swift; sourceTree = "<group>"; };
		B100000099 /* Mollotov.app */ = {isa = PBXFileReference; explicitFileType = wrapper.application; includeInIndex = 0; path = Mollotov.app; sourceTree = BUILT_PRODUCTS_DIR; };
/* End PBXFileReference section */

/* Begin PBXFrameworksBuildPhase section */
		C100000001 /* Frameworks */ = {
			isa = PBXFrameworksBuildPhase;
			buildActionMask = 2147483647;
			files = (
			);
			runOnlyForDeploymentPostprocessing = 0;
		};
/* End PBXFrameworksBuildPhase section */

/* Begin PBXGroup section */
		D100000001 /* Root */ = {
			isa = PBXGroup;
			children = (
				D100000002 /* Mollotov */,
				D100000099 /* Products */,
			);
			sourceTree = "<group>";
		};
		D100000002 /* Mollotov */ = {
			isa = PBXGroup;
			children = (
				B100000001 /* MollotovApp.swift */,
				B100000015 /* Info.plist */,
				B100000014 /* Assets.xcassets */,
				D100000003 /* Views */,
				D100000004 /* Browser */,
				D100000005 /* Network */,
				D100000006 /* Device */,
				D100000007 /* Debug */,
				D100000008 /* Handlers */,
				D100000009 /* LLM */,
			);
			path = Mollotov;
			sourceTree = "<group>";
		};
		D100000003 /* Views */ = {
			isa = PBXGroup;
			children = (
				B100000002 /* BrowserView.swift */,
				B100000003 /* SettingsView.swift */,
				B100000004 /* URLBarView.swift */,
			);
			path = Views;
			sourceTree = "<group>";
		};
		D100000004 /* Browser */ = {
			isa = PBXGroup;
			children = (
				B100000005 /* WebViewCoordinator.swift */,
				B100000006 /* BrowserState.swift */,
			);
			path = Browser;
			sourceTree = "<group>";
		};
		D100000005 /* Network */ = {
			isa = PBXGroup;
			children = (
				B100000007 /* HTTPServer.swift */,
				B100000008 /* Router.swift */,
				B100000009 /* MDNSAdvertiser.swift */,
				B100000010 /* ServerState.swift */,
			);
			path = Network;
			sourceTree = "<group>";
		};
		D100000006 /* Device */ = {
			isa = PBXGroup;
			children = (
				B100000011 /* DeviceIdentity.swift */,
				B100000012 /* DeviceInfo.swift */,
			);
			path = Device;
			sourceTree = "<group>";
		};
		D100000007 /* Debug */ = {
			isa = PBXGroup;
			children = (
				B100000013 /* AppRevealSetup.swift */,
			);
			path = Debug;
			sourceTree = "<group>";
		};
		D100000008 /* Handlers */ = {
			isa = PBXGroup;
			children = (
				B100000020 /* HandlerContext.swift */,
				B100000021 /* NavigationHandler.swift */,
				B100000022 /* ScreenshotHandler.swift */,
				B100000023 /* DOMHandler.swift */,
				B100000024 /* InteractionHandler.swift */,
				B100000025 /* ScrollHandler.swift */,
				B100000026 /* DeviceHandler.swift */,
				B100000027 /* EvaluateHandler.swift */,
				B100000028 /* ConsoleHandler.swift */,
				B100000029 /* NetworkHandler.swift */,
				B100000030 /* MutationHandler.swift */,
				B100000031 /* ShadowDOMHandler.swift */,
				B100000032 /* BrowserManagementHandler.swift */,
			);
			path = Handlers;
			sourceTree = "<group>";
		};
		D100000009 /* LLM */ = {
			isa = PBXGroup;
			children = (
				B100000033 /* LLMHandler.swift */,
			);
			path = LLM;
			sourceTree = "<group>";
		};
		D100000099 /* Products */ = {
			isa = PBXGroup;
			children = (
				B100000099 /* Mollotov.app */,
			);
			name = Products;
			sourceTree = "<group>";
		};
/* End PBXGroup section */

/* Begin PBXNativeTarget section */
		E100000001 /* Mollotov */ = {
			isa = PBXNativeTarget;
			buildConfigurationList = F100000003 /* Build configuration list for PBXNativeTarget "Mollotov" */;
			buildPhases = (
				E100000002 /* Sources */,
				C100000001 /* Frameworks */,
				E100000003 /* Resources */,
			);
			buildRules = (
			);
			dependencies = (
			);
			name = Mollotov;
			packageProductDependencies = (
			);
			productName = Mollotov;
			productReference = B100000099 /* Mollotov.app */;
			productType = "com.apple.product-type.application";
		};
/* End PBXNativeTarget section */

/* Begin PBXProject section */
		F100000001 /* Project object */ = {
			isa = PBXProject;
			attributes = {
				BuildIndependentTargetsInParallel = 1;
				LastSwiftUpdateCheck = 1540;
				LastUpgradeCheck = 1540;
				TargetAttributes = {
					E100000001 = {
						CreatedOnToolsVersion = 15.4;
					};
				};
			};
			buildConfigurationList = F100000002 /* Build configuration list for PBXProject "Mollotov" */;
			compatibilityVersion = "Xcode 14.0";
			developmentRegion = en;
			hasScannedForEncodings = 0;
			knownRegions = (
				en,
				Base,
			);
			mainGroup = D100000001;
			packageReferences = (
			);
			productRefGroup = D100000099 /* Products */;
			projectDirPath = "";
			projectRoot = "";
			targets = (
				E100000001 /* Mollotov */,
			);
		};
/* End PBXProject section */

/* Begin PBXResourcesBuildPhase section */
		E100000003 /* Resources */ = {
			isa = PBXResourcesBuildPhase;
			buildActionMask = 2147483647;
			files = (
				A100000014 /* Assets.xcassets in Resources */,
			);
			runOnlyForDeploymentPostprocessing = 0;
		};
/* End PBXResourcesBuildPhase section */

/* Begin PBXSourcesBuildPhase section */
		E100000002 /* Sources */ = {
			isa = PBXSourcesBuildPhase;
			buildActionMask = 2147483647;
			files = (
				A100000001 /* MollotovApp.swift in Sources */,
				A100000002 /* BrowserView.swift in Sources */,
				A100000003 /* SettingsView.swift in Sources */,
				A100000004 /* URLBarView.swift in Sources */,
				A100000005 /* WebViewCoordinator.swift in Sources */,
				A100000006 /* BrowserState.swift in Sources */,
				A100000007 /* HTTPServer.swift in Sources */,
				A100000008 /* Router.swift in Sources */,
				A100000009 /* MDNSAdvertiser.swift in Sources */,
				A100000010 /* ServerState.swift in Sources */,
				A100000011 /* DeviceIdentity.swift in Sources */,
				A100000012 /* DeviceInfo.swift in Sources */,
				A100000013 /* AppRevealSetup.swift in Sources */,
				A100000020 /* HandlerContext.swift in Sources */,
				A100000021 /* NavigationHandler.swift in Sources */,
				A100000022 /* ScreenshotHandler.swift in Sources */,
				A100000023 /* DOMHandler.swift in Sources */,
				A100000024 /* InteractionHandler.swift in Sources */,
				A100000025 /* ScrollHandler.swift in Sources */,
				A100000026 /* DeviceHandler.swift in Sources */,
				A100000027 /* EvaluateHandler.swift in Sources */,
				A100000028 /* ConsoleHandler.swift in Sources */,
				A100000029 /* NetworkHandler.swift in Sources */,
				A100000030 /* MutationHandler.swift in Sources */,
				A100000031 /* ShadowDOMHandler.swift in Sources */,
				A100000032 /* BrowserManagementHandler.swift in Sources */,
				A100000033 /* LLMHandler.swift in Sources */,
			);
			runOnlyForDeploymentPostprocessing = 0;
		};
/* End PBXSourcesBuildPhase section */

/* Begin XCBuildConfiguration section */
		G100000001 /* Debug */ = {
			isa = XCBuildConfiguration;
			buildSettings = {
				ALWAYS_SEARCH_USER_PATHS = NO;
				ASSETCATALOG_COMPILER_GENERATE_SWIFT_ASSET_SYMBOL_EXTENSIONS = YES;
				CLANG_ANALYZER_NONNULL = YES;
				CLANG_ENABLE_MODULES = YES;
				CLANG_ENABLE_OBJC_ARC = YES;
				COPY_PHASE_STRIP = NO;
				DEBUG_INFORMATION_FORMAT = dwarf;
				ENABLE_STRICT_OBJC_MSGSEND = YES;
				ENABLE_TESTABILITY = YES;
				GCC_DYNAMIC_NO_PIC = NO;
				GCC_OPTIMIZATION_LEVEL = 0;
				GCC_PREPROCESSOR_DEFINITIONS = (
					"DEBUG=1",
					"$(inherited)",
				);
				IPHONEOS_DEPLOYMENT_TARGET = 16.0;
				MTL_ENABLE_DEBUG_INFO = INCLUDE_SOURCE;
				ONLY_ACTIVE_ARCH = YES;
				SDKROOT = iphoneos;
				SWIFT_ACTIVE_COMPILATION_CONDITIONS = "$(inherited) DEBUG";
				SWIFT_OPTIMIZATION_LEVEL = "-Onone";
			};
			name = Debug;
		};
		G100000002 /* Release */ = {
			isa = XCBuildConfiguration;
			buildSettings = {
				ALWAYS_SEARCH_USER_PATHS = NO;
				ASSETCATALOG_COMPILER_GENERATE_SWIFT_ASSET_SYMBOL_EXTENSIONS = YES;
				CLANG_ANALYZER_NONNULL = YES;
				CLANG_ENABLE_MODULES = YES;
				CLANG_ENABLE_OBJC_ARC = YES;
				COPY_PHASE_STRIP = NO;
				DEBUG_INFORMATION_FORMAT = "dwarf-with-dsym";
				ENABLE_NS_ASSERTIONS = NO;
				ENABLE_STRICT_OBJC_MSGSEND = YES;
				GCC_OPTIMIZATION_LEVEL = s;
				IPHONEOS_DEPLOYMENT_TARGET = 16.0;
				MTL_ENABLE_DEBUG_INFO = NO;
				SDKROOT = iphoneos;
				SWIFT_COMPILATION_MODE = wholemodule;
				VALIDATE_PRODUCT = YES;
			};
			name = Release;
		};
		G100000003 /* Debug */ = {
			isa = XCBuildConfiguration;
			buildSettings = {
				ASSETCATALOG_COMPILER_APPICON_NAME = AppIcon;
				ASSETCATALOG_COMPILER_GLOBAL_ACCENT_COLOR_NAME = AccentColor;
				CODE_SIGN_STYLE = Automatic;
				CURRENT_PROJECT_VERSION = 1;
				GENERATE_INFOPLIST_FILE = YES;
				INFOPLIST_FILE = Mollotov/Info.plist;
				INFOPLIST_KEY_UIApplicationSceneManifest_Generation = YES;
				INFOPLIST_KEY_UIApplicationSupportsIndirectInputEvents = YES;
				INFOPLIST_KEY_UILaunchScreen_Generation = YES;
				INFOPLIST_KEY_UISupportedInterfaceOrientations_iPad = "UIInterfaceOrientationPortrait UIInterfaceOrientationPortraitUpsideDown UIInterfaceOrientationLandscapeLeft UIInterfaceOrientationLandscapeRight";
				INFOPLIST_KEY_UISupportedInterfaceOrientations_iPhone = "UIInterfaceOrientationPortrait UIInterfaceOrientationLandscapeLeft UIInterfaceOrientationLandscapeRight";
				LD_RUNPATH_SEARCH_PATHS = (
					"$(inherited)",
					"@executable_path/Frameworks",
				);
				MARKETING_VERSION = 0.1.0;
				PRODUCT_BUNDLE_IDENTIFIER = "com.unlike-other-ai.mollotov";
				PRODUCT_NAME = "$(TARGET_NAME)";
				SWIFT_EMIT_LOC_STRINGS = YES;
				SWIFT_VERSION = 5.0;
				TARGETED_DEVICE_FAMILY = "1,2";
			};
			name = Debug;
		};
		G100000004 /* Release */ = {
			isa = XCBuildConfiguration;
			buildSettings = {
				ASSETCATALOG_COMPILER_APPICON_NAME = AppIcon;
				ASSETCATALOG_COMPILER_GLOBAL_ACCENT_COLOR_NAME = AccentColor;
				CODE_SIGN_STYLE = Automatic;
				CURRENT_PROJECT_VERSION = 1;
				GENERATE_INFOPLIST_FILE = YES;
				INFOPLIST_FILE = Mollotov/Info.plist;
				INFOPLIST_KEY_UIApplicationSceneManifest_Generation = YES;
				INFOPLIST_KEY_UIApplicationSupportsIndirectInputEvents = YES;
				INFOPLIST_KEY_UILaunchScreen_Generation = YES;
				INFOPLIST_KEY_UISupportedInterfaceOrientations_iPad = "UIInterfaceOrientationPortrait UIInterfaceOrientationPortraitUpsideDown UIInterfaceOrientationLandscapeLeft UIInterfaceOrientationLandscapeRight";
				INFOPLIST_KEY_UISupportedInterfaceOrientations_iPhone = "UIInterfaceOrientationPortrait UIInterfaceOrientationLandscapeLeft UIInterfaceOrientationLandscapeRight";
				LD_RUNPATH_SEARCH_PATHS = (
					"$(inherited)",
					"@executable_path/Frameworks",
				);
				MARKETING_VERSION = 0.1.0;
				PRODUCT_BUNDLE_IDENTIFIER = "com.unlike-other-ai.mollotov";
				PRODUCT_NAME = "$(TARGET_NAME)";
				SWIFT_EMIT_LOC_STRINGS = YES;
				SWIFT_VERSION = 5.0;
				TARGETED_DEVICE_FAMILY = "1,2";
			};
			name = Release;
		};
/* End XCBuildConfiguration section */

/* Begin XCConfigurationList section */
		F100000002 /* Build configuration list for PBXProject "Mollotov" */ = {
			isa = XCConfigurationList;
			buildConfigurations = (
				G100000001 /* Debug */,
				G100000002 /* Release */,
			);
			defaultConfigurationIsVisible = 0;
			defaultConfigurationName = Release;
		};
		F100000003 /* Build configuration list for PBXNativeTarget "Mollotov" */ = {
			isa = XCConfigurationList;
			buildConfigurations = (
				G100000003 /* Debug */,
				G100000004 /* Release */,
			);
			defaultConfigurationIsVisible = 0;
			defaultConfigurationName = Release;
		};
/* End XCConfigurationList section */

/* AppReveal: Add as local package from cloned iOS/ subdirectory */

	};
	rootObject = F100000001 /* Project object */;
}
